{
  "name": "small-game-server",
  "version": "0.0.0",
  "lockfileVersion": 1,
  "requires": true,
  "dependencies": {
    "@types/node": {
      "version": "6.0.113",
      "resolved": "http://registry.npm.taobao.org/@types/node/download/@types/node-6.0.113.tgz",
      "integrity": "sha1-S0HzitA+S0H53CWbO1iuyyLJrrw=",
      "dev": true
    },
    "nodejs-websocket": {
      "version": "1.7.1",
      "resolved": "http://registry.npm.taobao.org/nodejs-websocket/download/nodejs-websocket-1.7.1.tgz",
      "integrity": "sha1-zM+7qCO/HPqWgPFoq3q1MSHkhBA="
    }
  }
}
